// !$*UTF8*$!
{
	archiveVersion = 1;
	classes = {
	};
	objectVersion = 55;
	objects = {

/* Begin PBXBuildFile section */
		2E5DB4995200DFBA0BE06DD6 /* Pods_SchoolVsSchoolTrivia.framework in Frameworks */ = {isa = PBXBuildFile; fileRef = 261177F74DE775B764EDB714 /* Pods_SchoolVsSchoolTrivia.framework */; };
		DB64F7B62819B4880027CEC1 /* APIKeys.swift in Sources */ = {isa = PBXBuildFile; fileRef = DB64F7B52819B4880027CEC1 /* APIKeys.swift */; };
		DB64F7B82819B5530027CEC1 /* GoogleService-Info.plist in Resources */ = {isa = PBXBuildFile; fileRef = DB64F7B72819B5530027CEC1 /* GoogleService-Info.plist */; };
		DBC0575B2819B1CE009FDA7E /* AppDelegate.swift in Sources */ = {isa = PBXBuildFile; fileRef = DBC0575A2819B1CE009FDA7E /* AppDelegate.swift */; };
		DBC0575D2819B1CE009FDA7E /* SceneDelegate.swift in Sources */ = {isa = PBXBuildFile; fileRef = DBC0575C2819B1CE009FDA7E /* SceneDelegate.swift */; };
		DBC0575F2819B1CE009FDA7E /* LoginViewController.swift in Sources */ = {isa = PBXBuildFile; fileRef = DBC0575E2819B1CE009FDA7E /* LoginViewController.swift */; };
		DBC057622819B1CE009FDA7E /* Main.storyboard in Resources */ = {isa = PBXBuildFile; fileRef = DBC057602819B1CE009FDA7E /* Main.storyboard */; };
		DBC057642819B1D5009FDA7E /* Assets.xcassets in Resources */ = {isa = PBXBuildFile; fileRef = DBC057632819B1D5009FDA7E /* Assets.xcassets */; };
		DBC057672819B1D5009FDA7E /* LaunchScreen.storyboard in Resources */ = {isa = PBXBuildFile; fileRef = DBC057652819B1D5009FDA7E /* LaunchScreen.storyboard */; };
		DBD900712819E027003ED407 /* SchoolListViewController.swift in Sources */ = {isa = PBXBuildFile; fileRef = DBD900702819E027003ED407 /* SchoolListViewController.swift */; };
		DBD900732819E277003ED407 /* SchoolTableViewCell.swift in Sources */ = {isa = PBXBuildFile; fileRef = DBD900722819E277003ED407 /* SchoolTableViewCell.swift */; };
		DBD900752819E733003ED407 /* MyStuffViewController.swift in Sources */ = {isa = PBXBuildFile; fileRef = DBD900742819E733003ED407 /* MyStuffViewController.swift */; };
		DBD900772819E776003ED407 /* SchoolDetailViewController.swift in Sources */ = {isa = PBXBuildFile; fileRef = DBD900762819E776003ED407 /* SchoolDetailViewController.swift */; };
		DBD900792819F330003ED407 /* School.swift in Sources */ = {isa = PBXBuildFile; fileRef = DBD900782819F330003ED407 /* School.swift */; };
		DBD9007B281A002C003ED407 /* UIViewController+alert.swift in Sources */ = {isa = PBXBuildFile; fileRef = DBD9007A281A002C003ED407 /* UIViewController+alert.swift */; };
		DBD9007D281A01E1003ED407 /* Schools.swift in Sources */ = {isa = PBXBuildFile; fileRef = DBD9007C281A01E1003ED407 /* Schools.swift */; };
		DBD9007F281ADEA8003ED407 /* Student.swift in Sources */ = {isa = PBXBuildFile; fileRef = DBD9007E281ADEA8003ED407 /* Student.swift */; };
		DBD90081281AE3AD003ED407 /* Students.swift in Sources */ = {isa = PBXBuildFile; fileRef = DBD90080281AE3AD003ED407 /* Students.swift */; };
/* End PBXBuildFile section */

/* Begin PBXFileReference section */
		261177F74DE775B764EDB714 /* Pods_SchoolVsSchoolTrivia.framework */ = {isa = PBXFileReference; explicitFileType = wrapper.framework; includeInIndex = 0; path = Pods_SchoolVsSchoolTrivia.framework; sourceTree = BUILT_PRODUCTS_DIR; };
		9731C779FF3579DCF9A1DE5F /* Pods-SchoolVsSchoolTrivia.release.xcconfig */ = {isa = PBXFileReference; includeInIndex = 1; lastKnownFileType = text.xcconfig; name = "Pods-SchoolVsSchoolTrivia.release.xcconfig"; path = "Target Support Files/Pods-SchoolVsSchoolTrivia/Pods-SchoolVsSchoolTrivia.release.xcconfig"; sourceTree = "<group>"; };
		CDE37BCD2382A9D1994F7CB7 /* Pods-SchoolVsSchoolTrivia.debug.xcconfig */ = {isa = PBXFileReference; includeInIndex = 1; lastKnownFileType = text.xcconfig; name = "Pods-SchoolVsSchoolTrivia.debug.xcconfig"; path = "Target Support Files/Pods-SchoolVsSchoolTrivia/Pods-SchoolVsSchoolTrivia.debug.xcconfig"; sourceTree = "<group>"; };
		DB64F7B52819B4880027CEC1 /* APIKeys.swift */ = {isa = PBXFileReference; lastKnownFileType = sourcecode.swift; path = APIKeys.swift; sourceTree = "<group>"; };
		DB64F7B72819B5530027CEC1 /* GoogleService-Info.plist */ = {isa = PBXFileReference; fileEncoding = 4; lastKnownFileType = text.plist.xml; path = "GoogleService-Info.plist"; sourceTree = "<group>"; };
		DBC057572819B1CE009FDA7E /* SchoolVsSchoolTrivia.app */ = {isa = PBXFileReference; explicitFileType = wrapper.application; includeInIndex = 0; path = SchoolVsSchoolTrivia.app; sourceTree = BUILT_PRODUCTS_DIR; };
		DBC0575A2819B1CE009FDA7E /* AppDelegate.swift */ = {isa = PBXFileReference; lastKnownFileType = sourcecode.swift; path = AppDelegate.swift; sourceTree = "<group>"; };
		DBC0575C2819B1CE009FDA7E /* SceneDelegate.swift */ = {isa = PBXFileReference; lastKnownFileType = sourcecode.swift; path = SceneDelegate.swift; sourceTree = "<group>"; };
		DBC0575E2819B1CE009FDA7E /* LoginViewController.swift */ = {isa = PBXFileReference; lastKnownFileType = sourcecode.swift; path = LoginViewController.swift; sourceTree = "<group>"; };
		DBC057612819B1CE009FDA7E /* Base */ = {isa = PBXFileReference; lastKnownFileType = file.storyboard; name = Base; path = Base.lproj/Main.storyboard; sourceTree = "<group>"; };
		DBC057632819B1D5009FDA7E /* Assets.xcassets */ = {isa = PBXFileReference; lastKnownFileType = folder.assetcatalog; path = Assets.xcassets; sourceTree = "<group>"; };
		DBC057662819B1D5009FDA7E /* Base */ = {isa = PBXFileReference; lastKnownFileType = file.storyboard; name = Base; path = Base.lproj/LaunchScreen.storyboard; sourceTree = "<group>"; };
		DBC057682819B1D5009FDA7E /* Info.plist */ = {isa = PBXFileReference; lastKnownFileType = text.plist.xml; path = Info.plist; sourceTree = "<group>"; };
		DBD900702819E027003ED407 /* SchoolListViewController.swift */ = {isa = PBXFileReference; lastKnownFileType = sourcecode.swift; path = SchoolListViewController.swift; sourceTree = "<group>"; };
		DBD900722819E277003ED407 /* SchoolTableViewCell.swift */ = {isa = PBXFileReference; lastKnownFileType = sourcecode.swift; path = SchoolTableViewCell.swift; sourceTree = "<group>"; };
		DBD900742819E733003ED407 /* MyStuffViewController.swift */ = {isa = PBXFileReference; lastKnownFileType = sourcecode.swift; path = MyStuffViewController.swift; sourceTree = "<group>"; };
		DBD900762819E776003ED407 /* SchoolDetailViewController.swift */ = {isa = PBXFileReference; lastKnownFileType = sourcecode.swift; path = SchoolDetailViewController.swift; sourceTree = "<group>"; };
		DBD900782819F330003ED407 /* School.swift */ = {isa = PBXFileReference; lastKnownFileType = sourcecode.swift; path = School.swift; sourceTree = "<group>"; };
		DBD9007A281A002C003ED407 /* UIViewController+alert.swift */ = {isa = PBXFileReference; fileEncoding = 4; lastKnownFileType = sourcecode.swift; path = "UIViewController+alert.swift"; sourceTree = "<group>"; };
		DBD9007C281A01E1003ED407 /* Schools.swift */ = {isa = PBXFileReference; lastKnownFileType = sourcecode.swift; path = Schools.swift; sourceTree = "<group>"; };
		DBD9007E281ADEA8003ED407 /* Student.swift */ = {isa = PBXFileReference; lastKnownFileType = sourcecode.swift; path = Student.swift; sourceTree = "<group>"; };
		DBD90080281AE3AD003ED407 /* Students.swift */ = {isa = PBXFileReference; lastKnownFileType = sourcecode.swift; path = Students.swift; sourceTree = "<group>"; };
/* End PBXFileReference section */

/* Begin PBXFrameworksBuildPhase section */
		DBC057542819B1CE009FDA7E /* Frameworks */ = {
			isa = PBXFrameworksBuildPhase;
			buildActionMask = 2147483647;
			files = (
				2E5DB4995200DFBA0BE06DD6 /* Pods_SchoolVsSchoolTrivia.framework in Frameworks */,
			);
			runOnlyForDeploymentPostprocessing = 0;
		};
/* End PBXFrameworksBuildPhase section */

/* Begin PBXGroup section */
		2C39A66D6744A07499120A46 /* Frameworks */ = {
			isa = PBXGroup;
			children = (
				261177F74DE775B764EDB714 /* Pods_SchoolVsSchoolTrivia.framework */,
			);
			name = Frameworks;
			sourceTree = "<group>";
		};
		C7629B407BEF3E3242C80511 /* Pods */ = {
			isa = PBXGroup;
			children = (
				CDE37BCD2382A9D1994F7CB7 /* Pods-SchoolVsSchoolTrivia.debug.xcconfig */,
				9731C779FF3579DCF9A1DE5F /* Pods-SchoolVsSchoolTrivia.release.xcconfig */,
			);
			path = Pods;
			sourceTree = "<group>";
		};
		DBC0574E2819B1CE009FDA7E = {
			isa = PBXGroup;
			children = (
				DBC057592819B1CE009FDA7E /* SchoolVsSchoolTrivia */,
				DBC057582819B1CE009FDA7E /* Products */,
				C7629B407BEF3E3242C80511 /* Pods */,
				2C39A66D6744A07499120A46 /* Frameworks */,
			);
			sourceTree = "<group>";
		};
		DBC057582819B1CE009FDA7E /* Products */ = {
			isa = PBXGroup;
			children = (
				DBC057572819B1CE009FDA7E /* SchoolVsSchoolTrivia.app */,
			);
			name = Products;
			sourceTree = "<group>";
		};
		DBC057592819B1CE009FDA7E /* SchoolVsSchoolTrivia */ = {
			isa = PBXGroup;
			children = (
				DBC0575A2819B1CE009FDA7E /* AppDelegate.swift */,
				DBC0575C2819B1CE009FDA7E /* SceneDelegate.swift */,
				DB64F7B52819B4880027CEC1 /* APIKeys.swift */,
				DBD90082281AF7DD003ED407 /* Models */,
				DBD90083281AF7EA003ED407 /* Controllers */,
				DBD90085281AF842003ED407 /* Views */,
				DBD90084281AF825003ED407 /* Utilities */,
				DBC057602819B1CE009FDA7E /* Main.storyboard */,
				DBC057632819B1D5009FDA7E /* Assets.xcassets */,
				DBC057652819B1D5009FDA7E /* LaunchScreen.storyboard */,
				DBC057682819B1D5009FDA7E /* Info.plist */,
				DB64F7B72819B5530027CEC1 /* GoogleService-Info.plist */,
			);
			path = SchoolVsSchoolTrivia;
			sourceTree = "<group>";
		};
		DBD90082281AF7DD003ED407 /* Models */ = {
			isa = PBXGroup;
			children = (
				DBD900782819F330003ED407 /* School.swift */,
				DBD9007C281A01E1003ED407 /* Schools.swift */,
				DBD9007E281ADEA8003ED407 /* Student.swift */,
				DBD90080281AE3AD003ED407 /* Students.swift */,
			);
			path = Models;
			sourceTree = "<group>";
		};
		DBD90083281AF7EA003ED407 /* Controllers */ = {
			isa = PBXGroup;
			children = (
				DBC0575E2819B1CE009FDA7E /* LoginViewController.swift */,
				DBD900702819E027003ED407 /* SchoolListViewController.swift */,
				DBD900762819E776003ED407 /* SchoolDetailViewController.swift */,
				DBD900742819E733003ED407 /* MyStuffViewController.swift */,
			);
			path = Controllers;
			sourceTree = "<group>";
		};
		DBD90084281AF825003ED407 /* Utilities */ = {
			isa = PBXGroup;
			children = (
				DBD9007A281A002C003ED407 /* UIViewController+alert.swift */,
			);
			path = Utilities;
			sourceTree = "<group>";
		};
		DBD90085281AF842003ED407 /* Views */ = {
			isa = PBXGroup;
			children = (
				DBD900722819E277003ED407 /* SchoolTableViewCell.swift */,
			);
			path = Views;
			sourceTree = "<group>";
		};
/* End PBXGroup section */

/* Begin PBXNativeTarget section */
		DBC057562819B1CE009FDA7E /* SchoolVsSchoolTrivia */ = {
			isa = PBXNativeTarget;
			buildConfigurationList = DBC0576B2819B1D5009FDA7E /* Build configuration list for PBXNativeTarget "SchoolVsSchoolTrivia" */;
			buildPhases = (
				04279FD310A5969CA39C27B1 /* [CP] Check Pods Manifest.lock */,
				DBC057532819B1CE009FDA7E /* Sources */,
				DBC057542819B1CE009FDA7E /* Frameworks */,
				DBC057552819B1CE009FDA7E /* Resources */,
				9CBDBD323A1F450B3FCEA243 /* [CP] Embed Pods Frameworks */,
				D70C6AC79DC534C6DE4D5532 /* [CP] Copy Pods Resources */,
			);
			buildRules = (
			);
			dependencies = (
			);
			name = SchoolVsSchoolTrivia;
			productName = SchoolVsSchoolTrivia;
			productReference = DBC057572819B1CE009FDA7E /* SchoolVsSchoolTrivia.app */;
			productType = "com.apple.product-type.application";
		};
/* End PBXNativeTarget section */

/* Begin PBXProject section */
		DBC0574F2819B1CE009FDA7E /* Project object */ = {
			isa = PBXProject;
			attributes = {
				BuildIndependentTargetsInParallel = 1;
				LastSwiftUpdateCheck = 1330;
				LastUpgradeCheck = 1330;
				TargetAttributes = {
					DBC057562819B1CE009FDA7E = {
						CreatedOnToolsVersion = 13.3.1;
					};
				};
			};
			buildConfigurationList = DBC057522819B1CE009FDA7E /* Build configuration list for PBXProject "SchoolVsSchoolTrivia" */;
			compatibilityVersion = "Xcode 13.0";
			developmentRegion = en;
			hasScannedForEncodings = 0;
			knownRegions = (
				en,
				Base,
			);
			mainGroup = DBC0574E2819B1CE009FDA7E;
			productRefGroup = DBC057582819B1CE009FDA7E /* Products */;
			projectDirPath = "";
			projectRoot = "";
			targets = (
				DBC057562819B1CE009FDA7E /* SchoolVsSchoolTrivia */,
			);
		};
/* End PBXProject section */

/* Begin PBXResourcesBuildPhase section */
		DBC057552819B1CE009FDA7E /* Resources */ = {
			isa = PBXResourcesBuildPhase;
			buildActionMask = 2147483647;
			files = (
				DBC057672819B1D5009FDA7E /* LaunchScreen.storyboard in Resources */,
				DB64F7B82819B5530027CEC1 /* GoogleService-Info.plist in Resources */,
				DBC057642819B1D5009FDA7E /* Assets.xcassets in Resources */,
				DBC057622819B1CE009FDA7E /* Main.storyboard in Resources */,
			);
			runOnlyForDeploymentPostprocessing = 0;
		};
/* End PBXResourcesBuildPhase section */

/* Begin PBXShellScriptBuildPhase section */
		04279FD310A5969CA39C27B1 /* [CP] Check Pods Manifest.lock */ = {
			isa = PBXShellScriptBuildPhase;
			buildActionMask = 2147483647;
			files = (
			);
			inputFileListPaths = (
			);
			inputPaths = (
				"${PODS_PODFILE_DIR_PATH}/Podfile.lock",
				"${PODS_ROOT}/Manifest.lock",
			);
			name = "[CP] Check Pods Manifest.lock";
			outputFileListPaths = (
			);
			outputPaths = (
				"$(DERIVED_FILE_DIR)/Pods-SchoolVsSchoolTrivia-checkManifestLockResult.txt",
			);
			runOnlyForDeploymentPostprocessing = 0;
			shellPath = /bin/sh;
			shellScript = "diff \"${PODS_PODFILE_DIR_PATH}/Podfile.lock\" \"${PODS_ROOT}/Manifest.lock\" > /dev/null\nif [ $? != 0 ] ; then\n    # print error to STDERR\n    echo \"error: The sandbox is not in sync with the Podfile.lock. Run 'pod install' or update your CocoaPods installation.\" >&2\n    exit 1\nfi\n# This output is used by Xcode 'outputs' to avoid re-running this script phase.\necho \"SUCCESS\" > \"${SCRIPT_OUTPUT_FILE_0}\"\n";
			showEnvVarsInLog = 0;
		};
		9CBDBD323A1F450B3FCEA243 /* [CP] Embed Pods Frameworks */ = {
			isa = PBXShellScriptBuildPhase;
			buildActionMask = 2147483647;
			files = (
			);
			inputFileListPaths = (
				"${PODS_ROOT}/Target Support Files/Pods-SchoolVsSchoolTrivia/Pods-SchoolVsSchoolTrivia-frameworks-${CONFIGURATION}-input-files.xcfilelist",
			);
			name = "[CP] Embed Pods Frameworks";
			outputFileListPaths = (
				"${PODS_ROOT}/Target Support Files/Pods-SchoolVsSchoolTrivia/Pods-SchoolVsSchoolTrivia-frameworks-${CONFIGURATION}-output-files.xcfilelist",
			);
			runOnlyForDeploymentPostprocessing = 0;
			shellPath = /bin/sh;
			shellScript = "\"${PODS_ROOT}/Target Support Files/Pods-SchoolVsSchoolTrivia/Pods-SchoolVsSchoolTrivia-frameworks.sh\"\n";
			showEnvVarsInLog = 0;
		};
		D70C6AC79DC534C6DE4D5532 /* [CP] Copy Pods Resources */ = {
			isa = PBXShellScriptBuildPhase;
			buildActionMask = 2147483647;
			files = (
			);
			inputFileListPaths = (
				"${PODS_ROOT}/Target Support Files/Pods-SchoolVsSchoolTrivia/Pods-SchoolVsSchoolTrivia-resources-${CONFIGURATION}-input-files.xcfilelist",
			);
			name = "[CP] Copy Pods Resources";
			outputFileListPaths = (
				"${PODS_ROOT}/Target Support Files/Pods-SchoolVsSchoolTrivia/Pods-SchoolVsSchoolTrivia-resources-${CONFIGURATION}-output-files.xcfilelist",
			);
			runOnlyForDeploymentPostprocessing = 0;
			shellPath = /bin/sh;
			shellScript = "\"${PODS_ROOT}/Target Support Files/Pods-SchoolVsSchoolTrivia/Pods-SchoolVsSchoolTrivia-resources.sh\"\n";
			showEnvVarsInLog = 0;
		};
/* End PBXShellScriptBuildPhase section */

/* Begin PBXSourcesBuildPhase section */
		DBC057532819B1CE009FDA7E /* Sources */ = {
			isa = PBXSourcesBuildPhase;
			buildActionMask = 2147483647;
			files = (
				DBD900752819E733003ED407 /* MyStuffViewController.swift in Sources */,
				DBD90081281AE3AD003ED407 /* Students.swift in Sources */,
				DBC0575F2819B1CE009FDA7E /* LoginViewController.swift in Sources */,
				DBD900772819E776003ED407 /* SchoolDetailViewController.swift in Sources */,
				DBD900732819E277003ED407 /* SchoolTableViewCell.swift in Sources */,
				DBD900792819F330003ED407 /* School.swift in Sources */,
				DBC0575B2819B1CE009FDA7E /* AppDelegate.swift in Sources */,
				DB64F7B62819B4880027CEC1 /* APIKeys.swift in Sources */,
				DBD9007F281ADEA8003ED407 /* Student.swift in Sources */,
				DBC0575D2819B1CE009FDA7E /* SceneDelegate.swift in Sources */,
				DBD9007D281A01E1003ED407 /* Schools.swift in Sources */,
				DBD900712819E027003ED407 /* SchoolListViewController.swift in Sources */,
				DBD9007B281A002C003ED407 /* UIViewController+alert.swift in Sources */,
			);
			runOnlyForDeploymentPostprocessing = 0;
		};
/* End PBXSourcesBuildPhase section */

/* Begin PBXVariantGroup section */
		DBC057602819B1CE009FDA7E /* Main.storyboard */ = {
			isa = PBXVariantGroup;
			children = (
				DBC057612819B1CE009FDA7E /* Base */,
			);
			name = Main.storyboard;
			sourceTree = "<group>";
		};
		DBC057652819B1D5009FDA7E /* LaunchScreen.storyboard */ = {
			isa = PBXVariantGroup;
			children = (
				DBC057662819B1D5009FDA7E /* Base */,
			);
			name = LaunchScreen.storyboard;
			sourceTree = "<group>";
		};
/* End PBXVariantGroup section */

/* Begin XCBuildConfiguration section */
		DBC057692819B1D5009FDA7E /* Debug */ = {
			isa = XCBuildConfiguration;
			buildSettings = {
				ALWAYS_SEARCH_USER_PATHS = NO;
				CLANG_ANALYZER_NONNULL = YES;
				CLANG_ANALYZER_NUMBER_OBJECT_CONVERSION = YES_AGGRESSIVE;
				CLANG_CXX_LANGUAGE_STANDARD = "gnu++17";
				CLANG_ENABLE_MODULES = YES;
				CLANG_ENABLE_OBJC_ARC = YES;
				CLANG_ENABLE_OBJC_WEAK = YES;
				CLANG_WARN_BLOCK_CAPTURE_AUTORELEASING = YES;
				CLANG_WARN_BOOL_CONVERSION = YES;
				CLANG_WARN_COMMA = YES;
				CLANG_WARN_CONSTANT_CONVERSION = YES;
				CLANG_WARN_DEPRECATED_OBJC_IMPLEMENTATIONS = YES;
				CLANG_WARN_DIRECT_OBJC_ISA_USAGE = YES_ERROR;
				CLANG_WARN_DOCUMENTATION_COMMENTS = YES;
				CLANG_WARN_EMPTY_BODY = YES;
				CLANG_WARN_ENUM_CONVERSION = YES;
				CLANG_WARN_INFINITE_RECURSION = YES;
				CLANG_WARN_INT_CONVERSION = YES;
				CLANG_WARN_NON_LITERAL_NULL_CONVERSION = YES;
				CLANG_WARN_OBJC_IMPLICIT_RETAIN_SELF = YES;
				CLANG_WARN_OBJC_LITERAL_CONVERSION = YES;
				CLANG_WARN_OBJC_ROOT_CLASS = YES_ERROR;
				CLANG_WARN_QUOTED_INCLUDE_IN_FRAMEWORK_HEADER = YES;
				CLANG_WARN_RANGE_LOOP_ANALYSIS = YES;
				CLANG_WARN_STRICT_PROTOTYPES = YES;
				CLANG_WARN_SUSPICIOUS_MOVE = YES;
				CLANG_WARN_UNGUARDED_AVAILABILITY = YES_AGGRESSIVE;
				CLANG_WARN_UNREACHABLE_CODE = YES;
				CLANG_WARN__DUPLICATE_METHOD_MATCH = YES;
				COPY_PHASE_STRIP = NO;
				DEBUG_INFORMATION_FORMAT = dwarf;
				ENABLE_STRICT_OBJC_MSGSEND = YES;
				ENABLE_TESTABILITY = YES;
				GCC_C_LANGUAGE_STANDARD = gnu11;
				GCC_DYNAMIC_NO_PIC = NO;
				GCC_NO_COMMON_BLOCKS = YES;
				GCC_OPTIMIZATION_LEVEL = 0;
				GCC_PREPROCESSOR_DEFINITIONS = (
					"DEBUG=1",
					"$(inherited)",
				);
				GCC_WARN_64_TO_32_BIT_CONVERSION = YES;
				GCC_WARN_ABOUT_RETURN_TYPE = YES_ERROR;
				GCC_WARN_UNDECLARED_SELECTOR = YES;
				GCC_WARN_UNINITIALIZED_AUTOS = YES_AGGRESSIVE;
				GCC_WARN_UNUSED_FUNCTION = YES;
				GCC_WARN_UNUSED_VARIABLE = YES;
				IPHONEOS_DEPLOYMENT_TARGET = 15.4;
				MTL_ENABLE_DEBUG_INFO = INCLUDE_SOURCE;
				MTL_FAST_MATH = YES;
				ONLY_ACTIVE_ARCH = YES;
				SDKROOT = iphoneos;
				SWIFT_ACTIVE_COMPILATION_CONDITIONS = DEBUG;
				SWIFT_OPTIMIZATION_LEVEL = "-Onone";
			};
			name = Debug;
		};
		DBC0576A2819B1D5009FDA7E /* Release */ = {
			isa = XCBuildConfiguration;
			buildSettings = {
				ALWAYS_SEARCH_USER_PATHS = NO;
				CLANG_ANALYZER_NONNULL = YES;
				CLANG_ANALYZER_NUMBER_OBJECT_CONVERSION = YES_AGGRESSIVE;
				CLANG_CXX_LANGUAGE_STANDARD = "gnu++17";
				CLANG_ENABLE_MODULES = YES;
				CLANG_ENABLE_OBJC_ARC = YES;
				CLANG_ENABLE_OBJC_WEAK = YES;
				CLANG_WARN_BLOCK_CAPTURE_AUTORELEASING = YES;
				CLANG_WARN_BOOL_CONVERSION = YES;
				CLANG_WARN_COMMA = YES;
				CLANG_WARN_CONSTANT_CONVERSION = YES;
				CLANG_WARN_DEPRECATED_OBJC_IMPLEMENTATIONS = YES;
				CLANG_WARN_DIRECT_OBJC_ISA_USAGE = YES_ERROR;
				CLANG_WARN_DOCUMENTATION_COMMENTS = YES;
				CLANG_WARN_EMPTY_BODY = YES;
				CLANG_WARN_ENUM_CONVERSION = YES;
				CLANG_WARN_INFINITE_RECURSION = YES;
				CLANG_WARN_INT_CONVERSION = YES;
				CLANG_WARN_NON_LITERAL_NULL_CONVERSION = YES;
				CLANG_WARN_OBJC_IMPLICIT_RETAIN_SELF = YES;
				CLANG_WARN_OBJC_LITERAL_CONVERSION = YES;
				CLANG_WARN_OBJC_ROOT_CLASS = YES_ERROR;
				CLANG_WARN_QUOTED_INCLUDE_IN_FRAMEWORK_HEADER = YES;
				CLANG_WARN_RANGE_LOOP_ANALYSIS = YES;
				CLANG_WARN_STRICT_PROTOTYPES = YES;
				CLANG_WARN_SUSPICIOUS_MOVE = YES;
				CLANG_WARN_UNGUARDED_AVAILABILITY = YES_AGGRESSIVE;
				CLANG_WARN_UNREACHABLE_CODE = YES;
				CLANG_WARN__DUPLICATE_METHOD_MATCH = YES;
				COPY_PHASE_STRIP = NO;
				DEBUG_INFORMATION_FORMAT = "dwarf-with-dsym";
				ENABLE_NS_ASSERTIONS = NO;
				ENABLE_STRICT_OBJC_MSGSEND = YES;
				GCC_C_LANGUAGE_STANDARD = gnu11;
				GCC_NO_COMMON_BLOCKS = YES;
				GCC_WARN_64_TO_32_BIT_CONVERSION = YES;
				GCC_WARN_ABOUT_RETURN_TYPE = YES_ERROR;
				GCC_WARN_UNDECLARED_SELECTOR = YES;
				GCC_WARN_UNINITIALIZED_AUTOS = YES_AGGRESSIVE;
				GCC_WARN_UNUSED_FUNCTION = YES;
				GCC_WARN_UNUSED_VARIABLE = YES;
				IPHONEOS_DEPLOYMENT_TARGET = 15.4;
				MTL_ENABLE_DEBUG_INFO = NO;
				MTL_FAST_MATH = YES;
				SDKROOT = iphoneos;
				SWIFT_COMPILATION_MODE = wholemodule;
				SWIFT_OPTIMIZATION_LEVEL = "-O";
				VALIDATE_PRODUCT = YES;
			};
			name = Release;
		};
		DBC0576C2819B1D5009FDA7E /* Debug */ = {
			isa = XCBuildConfiguration;
			baseConfigurationReference = CDE37BCD2382A9D1994F7CB7 /* Pods-SchoolVsSchoolTrivia.debug.xcconfig */;
			buildSettings = {
				ASSETCATALOG_COMPILER_APPICON_NAME = AppIcon;
				ASSETCATALOG_COMPILER_GLOBAL_ACCENT_COLOR_NAME = AccentColor;
				CODE_SIGN_STYLE = Automatic;
				CURRENT_PROJECT_VERSION = 1;
				DEVELOPMENT_TEAM = UJRJBH7A5V;
				GENERATE_INFOPLIST_FILE = YES;
				INFOPLIST_FILE = SchoolVsSchoolTrivia/Info.plist;
				INFOPLIST_KEY_UIApplicationSupportsIndirectInputEvents = YES;
				INFOPLIST_KEY_UILaunchStoryboardName = LaunchScreen;
				INFOPLIST_KEY_UIMainStoryboardFile = Main;
				INFOPLIST_KEY_UISupportedInterfaceOrientations_iPad = "UIInterfaceOrientationPortrait UIInterfaceOrientationPortraitUpsideDown UIInterfaceOrientationLandscapeLeft UIInterfaceOrientationLandscapeRight";
				INFOPLIST_KEY_UISupportedInterfaceOrientations_iPhone = "UIInterfaceOrientationPortrait UIInterfaceOrientationLandscapeLeft UIInterfaceOrientationLandscapeRight";
				LD_RUNPATH_SEARCH_PATHS = (
					"$(inherited)",
					"@executable_path/Frameworks",
				);
				MARKETING_VERSION = 1.0;
				PRODUCT_BUNDLE_IDENTIFIER = aleksejcupic.SchoolVsSchoolTrivia;
				PRODUCT_NAME = "$(TARGET_NAME)";
				SWIFT_EMIT_LOC_STRINGS = YES;
				SWIFT_VERSION = 5.0;
				TARGETED_DEVICE_FAMILY = "1,2";
			};
			name = Debug;
		};
		DBC0576D2819B1D5009FDA7E /* Release */ = {
			isa = XCBuildConfiguration;
			baseConfigurationReference = 9731C779FF3579DCF9A1DE5F /* Pods-SchoolVsSchoolTrivia.release.xcconfig */;
			buildSettings = {
				ASSETCATALOG_COMPILER_APPICON_NAME = AppIcon;
				ASSETCATALOG_COMPILER_GLOBAL_ACCENT_COLOR_NAME = AccentColor;
				CODE_SIGN_STYLE = Automatic;
				CURRENT_PROJECT_VERSION = 1;
				DEVELOPMENT_TEAM = UJRJBH7A5V;
				GENERATE_INFOPLIST_FILE = YES;
				INFOPLIST_FILE = SchoolVsSchoolTrivia/Info.plist;
				INFOPLIST_KEY_UIApplicationSupportsIndirectInputEvents = YES;
				INFOPLIST_KEY_UILaunchStoryboardName = LaunchScreen;
				INFOPLIST_KEY_UIMainStoryboardFile = Main;
				INFOPLIST_KEY_UISupportedInterfaceOrientations_iPad = "UIInterfaceOrientationPortrait UIInterfaceOrientationPortraitUpsideDown UIInterfaceOrientationLandscapeLeft UIInterfaceOrientationLandscapeRight";
				INFOPLIST_KEY_UISupportedInterfaceOrientations_iPhone = "UIInterfaceOrientationPortrait UIInterfaceOrientationLandscapeLeft UIInterfaceOrientationLandscapeRight";
				LD_RUNPATH_SEARCH_PATHS = (
					"$(inherited)",
					"@executable_path/Frameworks",
				);
				MARKETING_VERSION = 1.0;
				PRODUCT_BUNDLE_IDENTIFIER = aleksejcupic.SchoolVsSchoolTrivia;
				PRODUCT_NAME = "$(TARGET_NAME)";
				SWIFT_EMIT_LOC_STRINGS = YES;
				SWIFT_VERSION = 5.0;
				TARGETED_DEVICE_FAMILY = "1,2";
			};
			name = Release;
		};
/* End XCBuildConfiguration section */

/* Begin XCConfigurationList section */
		DBC057522819B1CE009FDA7E /* Build configuration list for PBXProject "SchoolVsSchoolTrivia" */ = {
			isa = XCConfigurationList;
			buildConfigurations = (
				DBC057692819B1D5009FDA7E /* Debug */,
				DBC0576A2819B1D5009FDA7E /* Release */,
			);
			defaultConfigurationIsVisible = 0;
			defaultConfigurationName = Release;
		};
		DBC0576B2819B1D5009FDA7E /* Build configuration list for PBXNativeTarget "SchoolVsSchoolTrivia" */ = {
			isa = XCConfigurationList;
			buildConfigurations = (
				DBC0576C2819B1D5009FDA7E /* Debug */,
				DBC0576D2819B1D5009FDA7E /* Release */,
			);
			defaultConfigurationIsVisible = 0;
			defaultConfigurationName = Release;
		};
/* End XCConfigurationList section */
	};
	rootObject = DBC0574F2819B1CE009FDA7E /* Project object */;
}
